
Microsoft Visual Studio Solution File, Format Version 12.00
# Visual Studio Version 17
VisualStudioVersion = 17.1.32210.238
MinimumVisualStudioVersion = 10.0.40219.1
Project("{FAE04EC0-301F-11D3-BF4B-00C04F79EFBC}") = "Uppgift 3.1", "Uppgift 3.1\Uppgift 3.1.csproj", "{E651F4B8-9508-402A-97BF-5894D55830A0}"
EndProject
Global
	GlobalSection(SolutionConfigurationPlatforms) = preSolution
		Debug|Any CPU = Debug|Any CPU
		Release|Any CPU = Release|Any CPU
	EndGlobalSection
	GlobalSection(ProjectConfigurationPlatforms) = postSolution
		{E651F4B8-9508-402A-97BF-5894D55830A0}.Debug|Any CPU.ActiveCfg = Debug|Any CPU
		{E651F4B8-9508-402A-97BF-5894D55830A0}.Debug|Any CPU.Build.0 = Debug|Any CPU
		{E651F4B8-9508-402A-97BF-5894D55830A0}.Release|Any CPU.ActiveCfg = Release|Any CPU
		{E651F4B8-9508-402A-97BF-5894D55830A0}.Release|Any CPU.Build.0 = Release|Any CPU
	EndGlobalSection
	GlobalSection(SolutionProperties) = preSolution
		HideSolutionNode = FALSE
	EndGlobalSection
	GlobalSection(ExtensibilityGlobals) = postSolution
		SolutionGuid = {A89A61C8-98C9-47C0-9F25-C2C4DCFDE738}
	EndGlobalSection
EndGlobal
